
Microsoft Visual Studio Solution File, Format Version 12.00
# Visual Studio 2013
VisualStudioVersion = 12.0.21005.1
MinimumVisualStudioVersion = 10.0.40219.1
Project("{2150E333-8FDC-42A3-9474-1A3956D46DE8}") = "Support", "Support", "{03A45C2D-1E35-40E8-812E-CF1084AB3C7B}"
EndProject
Project("{2150E333-8FDC-42A3-9474-1A3956D46DE8}") = "include", "include", "{449C6F1E-F591-4DF8-AC1B-7E3E4BD3A11B}"
	ProjectSection(SolutionItems) = preProject
		include\Burn_Err.h = include\Burn_Err.h
		include\burn_sdk.h = include\burn_sdk.h
		include\Burn_State.h = include\Burn_State.h
		include\Burn_Stream.h = include\Burn_Stream.h
		include\ChnsysRTSP.h = include\ChnsysRTSP.h
		include\ChnsysTypes.h = include\ChnsysTypes.h
		include\Database.h = include\Database.h
		include\debug.h = include\debug.h
		include\LibDVDSDK.h = include\LibDVDSDK.h
		src\main.c = src\main.c
		include\Platform.h = include\Platform.h
		include\RingBuffer.h = include\RingBuffer.h
		include\rtspts.h = include\rtspts.h
		include\stdbool.h = include\stdbool.h
		include\WinBurnSDK.h = include\WinBurnSDK.h
		include\ZMediaTS.h = include\ZMediaTS.h
	EndProjectSection
EndProject
Project("{2150E333-8FDC-42A3-9474-1A3956D46DE8}") = "kernelSrc", "kernelSrc", "{344132B1-CE3E-444B-96A7-9750D4E69816}"
	ProjectSection(SolutionItems) = preProject
		src\Burn\BurnKernel\DVDSDK\src\cdr_cmd.c = src\Burn\BurnKernel\DVDSDK\src\cdr_cmd.c
		src\Burn\BurnKernel\DVDSDK\src\crc.c = src\Burn\BurnKernel\DVDSDK\src\crc.c
		src\Burn\BurnKernel\DVDSDK\src\defaults.c = src\Burn\BurnKernel\DVDSDK\src\defaults.c
		src\Burn\BurnKernel\DVDSDK\src\extent.c = src\Burn\BurnKernel\DVDSDK\src\extent.c
		src\Burn\BurnKernel\DVDSDK\src\file.c = src\Burn\BurnKernel\DVDSDK\src\file.c
		src\Burn\BurnKernel\DVDSDK\src\LvDvdRecAPI.c = src\Burn\BurnKernel\DVDSDK\src\LvDvdRecAPI.c
		src\Burn\BurnKernel\DVDSDK\src\memmalloc.c = src\Burn\BurnKernel\DVDSDK\src\memmalloc.c
		src\Burn\BurnKernel\DVDSDK\src\mkudffs.c = src\Burn\BurnKernel\DVDSDK\src\mkudffs.c
		src\Burn\BurnKernel\DVDSDK\src\udffscore.c = src\Burn\BurnKernel\DVDSDK\src\udffscore.c
		src\Burn\BurnKernel\DVDSDK\src\unicode.c = src\Burn\BurnKernel\DVDSDK\src\unicode.c
	EndProjectSection
EndProject
Project("{2150E333-8FDC-42A3-9474-1A3956D46DE8}") = "kernelInclude", "kernelInclude", "{EDA9FEEE-6EB9-4622-9EF3-E22B84B63827}"
	ProjectSection(SolutionItems) = preProject
		src\Burn\BurnKernel\DVDSDK\include\bswap.h = src\Burn\BurnKernel\DVDSDK\include\bswap.h
		src\Burn\BurnKernel\DVDSDK\include\cdr_cmd.h = src\Burn\BurnKernel\DVDSDK\include\cdr_cmd.h
		src\Burn\BurnKernel\DVDSDK\include\cgccmd.h = src\Burn\BurnKernel\DVDSDK\include\cgccmd.h
		src\Burn\BurnKernel\DVDSDK\include\debug.h = src\Burn\BurnKernel\DVDSDK\include\debug.h
		src\Burn\BurnKernel\DVDSDK\include\defaults.h = src\Burn\BurnKernel\DVDSDK\include\defaults.h
		src\Burn\BurnKernel\DVDSDK\include\drvcomm.h = src\Burn\BurnKernel\DVDSDK\include\drvcomm.h
		src\Burn\BurnKernel\DVDSDK\include\ecma_167.h = src\Burn\BurnKernel\DVDSDK\include\ecma_167.h
		src\Burn\BurnKernel\DVDSDK\include\gb2unicode_bk.h = src\Burn\BurnKernel\DVDSDK\include\gb2unicode_bk.h
		src\Burn\BurnKernel\DVDSDK\include\LibDVDSDK.h = src\Burn\BurnKernel\DVDSDK\include\LibDVDSDK.h
		src\Burn\BurnKernel\DVDSDK\include\libudffs.h = src\Burn\BurnKernel\DVDSDK\include\libudffs.h
		src\Burn\BurnKernel\DVDSDK\include\memmalloc.h = src\Burn\BurnKernel\DVDSDK\include\memmalloc.h
		src\Burn\BurnKernel\DVDSDK\include\mkudffs.h = src\Burn\BurnKernel\DVDSDK\include\mkudffs.h
		src\Burn\BurnKernel\DVDSDK\include\osta_udf.h = src\Burn\BurnKernel\DVDSDK\include\osta_udf.h
		src\Burn\BurnKernel\DVDSDK\include\udf_endian.h = src\Burn\BurnKernel\DVDSDK\include\udf_endian.h
		src\Burn\BurnKernel\DVDSDK\include\udffscore.h = src\Burn\BurnKernel\DVDSDK\include\udffscore.h
		src\Burn\BurnKernel\DVDSDK\include\UdffsTag.h = src\Burn\BurnKernel\DVDSDK\include\UdffsTag.h
		src\Burn\BurnKernel\DVDSDK\include\uuid.h = src\Burn\BurnKernel\DVDSDK\include\uuid.h
		src\Burn\BurnKernel\DVDSDK\include\uuid_types.h = src\Burn\BurnKernel\DVDSDK\include\uuid_types.h
	EndProjectSection
EndProject
Project("{8BC9CEB8-8B4A-11D0-8D11-00A0C91BC942}") = "Burn", "src\Burn\Platform\Win32\Burn.vcxproj", "{9782BEF1-4BB8-4114-AE0E-F36AC5C5A30E}"
EndProject
Project("{8BC9CEB8-8B4A-11D0-8D11-00A0C91BC942}") = "RingBuffer", "src\RingBuffer\Win32\RingBuffer.vcxproj", "{545CBF7D-ECF4-4B2A-94A6-B525B81C176D}"
EndProject
Project("{8BC9CEB8-8B4A-11D0-8D11-00A0C91BC942}") = "Data", "src\Data\Win32\Data.vcxproj", "{B47E52D7-5FCB-4FC8-9141-3162273509AC}"
EndProject
Global
	GlobalSection(SolutionConfigurationPlatforms) = preSolution
		Debug|Win32 = Debug|Win32
		Release|Win32 = Release|Win32
	EndGlobalSection
	GlobalSection(ProjectConfigurationPlatforms) = postSolution
		{9782BEF1-4BB8-4114-AE0E-F36AC5C5A30E}.Debug|Win32.ActiveCfg = Debug|Win32
		{9782BEF1-4BB8-4114-AE0E-F36AC5C5A30E}.Debug|Win32.Build.0 = Debug|Win32
		{9782BEF1-4BB8-4114-AE0E-F36AC5C5A30E}.Release|Win32.ActiveCfg = Release|Win32
		{9782BEF1-4BB8-4114-AE0E-F36AC5C5A30E}.Release|Win32.Build.0 = Release|Win32
		{545CBF7D-ECF4-4B2A-94A6-B525B81C176D}.Debug|Win32.ActiveCfg = Debug|Win32
		{545CBF7D-ECF4-4B2A-94A6-B525B81C176D}.Debug|Win32.Build.0 = Debug|Win32
		{545CBF7D-ECF4-4B2A-94A6-B525B81C176D}.Release|Win32.ActiveCfg = Release|Win32
		{545CBF7D-ECF4-4B2A-94A6-B525B81C176D}.Release|Win32.Build.0 = Release|Win32
		{B47E52D7-5FCB-4FC8-9141-3162273509AC}.Debug|Win32.ActiveCfg = Debug|Win32
		{B47E52D7-5FCB-4FC8-9141-3162273509AC}.Debug|Win32.Build.0 = Debug|Win32
		{B47E52D7-5FCB-4FC8-9141-3162273509AC}.Release|Win32.ActiveCfg = Release|Win32
		{B47E52D7-5FCB-4FC8-9141-3162273509AC}.Release|Win32.Build.0 = Release|Win32
	EndGlobalSection
	GlobalSection(SolutionProperties) = preSolution
		HideSolutionNode = FALSE
	EndGlobalSection
EndGlobal
